{
  "name": "waimai",
  "version": "1.0.0",
  "lockfileVersion": 1,
  "requires": true,
  "dependencies": {
    "@miniprogram-component-plus/sticky": {
      "version": "1.0.1",
      "resolved": "https://registry.npm.taobao.org/@miniprogram-component-plus/sticky/download/@miniprogram-component-plus/sticky-1.0.1.tgz",
      "integrity": "sha1-MsQJjCqYQi2hyLj+v6Odbs/PhHw="
    },
    "@miniprogram-component-plus/tabs": {
      "version": "1.0.0",
      "resolved": "https://registry.npm.taobao.org/@miniprogram-component-plus/tabs/download/@miniprogram-component-plus/tabs-1.0.0.tgz",
      "integrity": "sha1-y/a04858SsiteQqES0BxVfB9ntc="
    },
    "miniprogram-api-promise": {
      "version": "1.0.4",
      "resolved": "https://registry.npm.taobao.org/miniprogram-api-promise/download/miniprogram-api-promise-1.0.4.tgz",
      "integrity": "sha1-/v6bcpI/0x+IsSRjtQLLRXyJK0w="
    },
    "mobx-miniprogram": {
      "version": "4.13.2",
      "resolved": "https://registry.npm.taobao.org/mobx-miniprogram/download/mobx-miniprogram-4.13.2.tgz",
      "integrity": "sha1-tywD/VrR8bkCLEIvnIikfR5fiGg="
    },
    "mobx-miniprogram-bindings": {
      "version": "1.2.1",
      "resolved": "https://registry.npm.taobao.org/mobx-miniprogram-bindings/download/mobx-miniprogram-bindings-1.2.1.tgz",
      "integrity": "sha1-mWwFY7p0LrWDXZcr0+9FqZr4SBE="
    }
  }
}
